
Microsoft Visual Studio Solution File, Format Version 12.00
# Visual Studio 15
VisualStudioVersion = 15.0.28307.757
MinimumVisualStudioVersion = 10.0.40219.1
Project("{FAE04EC0-301F-11D3-BF4B-00C04F79EFBC}") = "ClassFitnes", "ClassFitnes\ClassFitnes.csproj", "{E644EB7A-41BE-45D9-A80F-DF671C5C0AAB}"
EndProject
Project("{FAE04EC0-301F-11D3-BF4B-00C04F79EFBC}") = "Fitnes.CMD", "Fitnes.CMD\Fitnes.CMD.csproj", "{D64AF1AA-26B3-4714-82DE-415A5713934F}"
EndProject
Project("{FAE04EC0-301F-11D3-BF4B-00C04F79EFBC}") = "ClassFitnesTests2", "ClassFitnesTests2\ClassFitnesTests2.csproj", "{4F758A14-991E-429D-B478-40CE9CF4BAE3}"
EndProject
Global
	GlobalSection(SolutionConfigurationPlatforms) = preSolution
		Debug|Any CPU = Debug|Any CPU
		Release|Any CPU = Release|Any CPU
	EndGlobalSection
	GlobalSection(ProjectConfigurationPlatforms) = postSolution
		{E644EB7A-41BE-45D9-A80F-DF671C5C0AAB}.Debug|Any CPU.ActiveCfg = Debug|Any CPU
		{E644EB7A-41BE-45D9-A80F-DF671C5C0AAB}.Debug|Any CPU.Build.0 = Debug|Any CPU
		{E644EB7A-41BE-45D9-A80F-DF671C5C0AAB}.Release|Any CPU.ActiveCfg = Release|Any CPU
		{E644EB7A-41BE-45D9-A80F-DF671C5C0AAB}.Release|Any CPU.Build.0 = Release|Any CPU
		{D64AF1AA-26B3-4714-82DE-415A5713934F}.Debug|Any CPU.ActiveCfg = Debug|Any CPU
		{D64AF1AA-26B3-4714-82DE-415A5713934F}.Debug|Any CPU.Build.0 = Debug|Any CPU
		{D64AF1AA-26B3-4714-82DE-415A5713934F}.Release|Any CPU.ActiveCfg = Release|Any CPU
		{D64AF1AA-26B3-4714-82DE-415A5713934F}.Release|Any CPU.Build.0 = Release|Any CPU
		{4F758A14-991E-429D-B478-40CE9CF4BAE3}.Debug|Any CPU.ActiveCfg = Debug|Any CPU
		{4F758A14-991E-429D-B478-40CE9CF4BAE3}.Debug|Any CPU.Build.0 = Debug|Any CPU
		{4F758A14-991E-429D-B478-40CE9CF4BAE3}.Release|Any CPU.ActiveCfg = Release|Any CPU
		{4F758A14-991E-429D-B478-40CE9CF4BAE3}.Release|Any CPU.Build.0 = Release|Any CPU
	EndGlobalSection
	GlobalSection(SolutionProperties) = preSolution
		HideSolutionNode = FALSE
	EndGlobalSection
	GlobalSection(ExtensibilityGlobals) = postSolution
		SolutionGuid = {AA78E0FE-8D82-47BF-B47F-9884EA8C412B}
	EndGlobalSection
EndGlobal
